
Microsoft Visual Studio Solution File, Format Version 12.00
# Visual Studio 15
VisualStudioVersion = 15.0.27428.2037
MinimumVisualStudioVersion = 10.0.40219.1
Project("{FAE04EC0-301F-11D3-BF4B-00C04F79EFBC}") = "Installer", "Installer\Installer.csproj", "{3D398160-A220-4861-BA60-DCE940C88257}"
EndProject
Project("{FAE04EC0-301F-11D3-BF4B-00C04F79EFBC}") = "Intel Service", "WindowsService\Intel Service.csproj", "{C66D12FA-58C8-45B5-AED9-9D1EF27289E2}"
EndProject
Project("{FAE04EC0-301F-11D3-BF4B-00C04F79EFBC}") = "Console", "Trojan_Final\Console.csproj", "{5343FFED-CDC8-40C0-8137-67B1F2B83288}"
EndProject
Project("{9A19103F-16F7-4668-BE54-9A1E7A4F7556}") = "TrojanManager", "TrojanManager\TrojanManager.csproj", "{ADCF5451-D93B-449C-BFAC-6DA9FF101D63}"
EndProject
Project("{FAE04EC0-301F-11D3-BF4B-00C04F79EFBC}") = "keylogger", "keylogger\keylogger\keylogger.csproj", "{575757AA-B123-43B6-AF08-37E04F85F0D4}"
EndProject
Global
	GlobalSection(SolutionConfigurationPlatforms) = preSolution
		Debug|Any CPU = Debug|Any CPU
		Release|Any CPU = Release|Any CPU
	EndGlobalSection
	GlobalSection(ProjectConfigurationPlatforms) = postSolution
		{3D398160-A220-4861-BA60-DCE940C88257}.Debug|Any CPU.ActiveCfg = Debug|Any CPU
		{3D398160-A220-4861-BA60-DCE940C88257}.Debug|Any CPU.Build.0 = Debug|Any CPU
		{3D398160-A220-4861-BA60-DCE940C88257}.Release|Any CPU.ActiveCfg = Release|Any CPU
		{3D398160-A220-4861-BA60-DCE940C88257}.Release|Any CPU.Build.0 = Release|Any CPU
		{C66D12FA-58C8-45B5-AED9-9D1EF27289E2}.Debug|Any CPU.ActiveCfg = Debug|Any CPU
		{C66D12FA-58C8-45B5-AED9-9D1EF27289E2}.Debug|Any CPU.Build.0 = Debug|Any CPU
		{C66D12FA-58C8-45B5-AED9-9D1EF27289E2}.Release|Any CPU.ActiveCfg = Release|Any CPU
		{C66D12FA-58C8-45B5-AED9-9D1EF27289E2}.Release|Any CPU.Build.0 = Release|Any CPU
		{5343FFED-CDC8-40C0-8137-67B1F2B83288}.Debug|Any CPU.ActiveCfg = Debug|Any CPU
		{5343FFED-CDC8-40C0-8137-67B1F2B83288}.Debug|Any CPU.Build.0 = Debug|Any CPU
		{5343FFED-CDC8-40C0-8137-67B1F2B83288}.Release|Any CPU.ActiveCfg = Release|Any CPU
		{5343FFED-CDC8-40C0-8137-67B1F2B83288}.Release|Any CPU.Build.0 = Release|Any CPU
		{ADCF5451-D93B-449C-BFAC-6DA9FF101D63}.Debug|Any CPU.ActiveCfg = Debug|Any CPU
		{ADCF5451-D93B-449C-BFAC-6DA9FF101D63}.Debug|Any CPU.Build.0 = Debug|Any CPU
		{ADCF5451-D93B-449C-BFAC-6DA9FF101D63}.Release|Any CPU.ActiveCfg = Release|Any CPU
		{ADCF5451-D93B-449C-BFAC-6DA9FF101D63}.Release|Any CPU.Build.0 = Release|Any CPU
		{575757AA-B123-43B6-AF08-37E04F85F0D4}.Debug|Any CPU.ActiveCfg = Debug|Any CPU
		{575757AA-B123-43B6-AF08-37E04F85F0D4}.Debug|Any CPU.Build.0 = Debug|Any CPU
		{575757AA-B123-43B6-AF08-37E04F85F0D4}.Release|Any CPU.ActiveCfg = Release|Any CPU
		{575757AA-B123-43B6-AF08-37E04F85F0D4}.Release|Any CPU.Build.0 = Release|Any CPU
	EndGlobalSection
	GlobalSection(SolutionProperties) = preSolution
		HideSolutionNode = FALSE
	EndGlobalSection
	GlobalSection(ExtensibilityGlobals) = postSolution
		SolutionGuid = {541EE64F-601B-41D1-B93E-80E48F9B9462}
	EndGlobalSection
EndGlobal
